
Microsoft Visual Studio Solution File, Format Version 12.00
# Visual Studio Version 16
VisualStudioVersion = 16.0.30002.166
MinimumVisualStudioVersion = 10.0.40219.1
Project("{FAE04EC0-301F-11D3-BF4B-00C04F79EFBC}") = "BookService", "BookService\BookService.csproj", "{120A533D-CC53-4B6A-8AD0-A8862303019F}"
EndProject
Project("{FAE04EC0-301F-11D3-BF4B-00C04F79EFBC}") = "MaintainBook", "MaintainBook\MaintainBook.csproj", "{A359C974-B683-485D-8DF3-0C068342C477}"
	ProjectSection(ProjectDependencies) = postProject
		{120A533D-CC53-4B6A-8AD0-A8862303019F} = {120A533D-CC53-4B6A-8AD0-A8862303019F}
	EndProjectSection
EndProject
Global
	GlobalSection(SolutionConfigurationPlatforms) = preSolution
		Debug|Any CPU = Debug|Any CPU
		Release|Any CPU = Release|Any CPU
	EndGlobalSection
	GlobalSection(ProjectConfigurationPlatforms) = postSolution
		{120A533D-CC53-4B6A-8AD0-A8862303019F}.Debug|Any CPU.ActiveCfg = Debug|Any CPU
		{120A533D-CC53-4B6A-8AD0-A8862303019F}.Debug|Any CPU.Build.0 = Debug|Any CPU
		{120A533D-CC53-4B6A-8AD0-A8862303019F}.Release|Any CPU.ActiveCfg = Release|Any CPU
		{120A533D-CC53-4B6A-8AD0-A8862303019F}.Release|Any CPU.Build.0 = Release|Any CPU
		{A359C974-B683-485D-8DF3-0C068342C477}.Debug|Any CPU.ActiveCfg = Debug|Any CPU
		{A359C974-B683-485D-8DF3-0C068342C477}.Debug|Any CPU.Build.0 = Debug|Any CPU
		{A359C974-B683-485D-8DF3-0C068342C477}.Release|Any CPU.ActiveCfg = Release|Any CPU
		{A359C974-B683-485D-8DF3-0C068342C477}.Release|Any CPU.Build.0 = Release|Any CPU
	EndGlobalSection
	GlobalSection(SolutionProperties) = preSolution
		HideSolutionNode = FALSE
	EndGlobalSection
	GlobalSection(ExtensibilityGlobals) = postSolution
		SolutionGuid = {594A6F82-D2EC-4A53-8E83-C6111D298072}
	EndGlobalSection
EndGlobal
