
Microsoft Visual Studio Solution File, Format Version 12.00
# Visual Studio Version 16
VisualStudioVersion = 16.0.29613.14
MinimumVisualStudioVersion = 10.0.40219.1
Project("{FAE04EC0-301F-11D3-BF4B-00C04F79EFBC}") = "ClassLibrary1", "ClassLibrary1.csproj", "{CA618192-69E4-44FC-B4A0-66C4A0A80A81}"
EndProject
Project("{FAE04EC0-301F-11D3-BF4B-00C04F79EFBC}") = "BookManager", "..\BookManager\BookManager.csproj", "{14D94C5D-7D84-4BCE-8359-DE61390F408E}"
	ProjectSection(ProjectDependencies) = postProject
		{CA618192-69E4-44FC-B4A0-66C4A0A80A81} = {CA618192-69E4-44FC-B4A0-66C4A0A80A81}
	EndProjectSection
EndProject
Global
	GlobalSection(SolutionConfigurationPlatforms) = preSolution
		Debug|Any CPU = Debug|Any CPU
		Release|Any CPU = Release|Any CPU
	EndGlobalSection
	GlobalSection(ProjectConfigurationPlatforms) = postSolution
		{CA618192-69E4-44FC-B4A0-66C4A0A80A81}.Debug|Any CPU.ActiveCfg = Debug|Any CPU
		{CA618192-69E4-44FC-B4A0-66C4A0A80A81}.Debug|Any CPU.Build.0 = Debug|Any CPU
		{CA618192-69E4-44FC-B4A0-66C4A0A80A81}.Release|Any CPU.ActiveCfg = Release|Any CPU
		{CA618192-69E4-44FC-B4A0-66C4A0A80A81}.Release|Any CPU.Build.0 = Release|Any CPU
		{14D94C5D-7D84-4BCE-8359-DE61390F408E}.Debug|Any CPU.ActiveCfg = Debug|Any CPU
		{14D94C5D-7D84-4BCE-8359-DE61390F408E}.Debug|Any CPU.Build.0 = Debug|Any CPU
		{14D94C5D-7D84-4BCE-8359-DE61390F408E}.Release|Any CPU.ActiveCfg = Release|Any CPU
		{14D94C5D-7D84-4BCE-8359-DE61390F408E}.Release|Any CPU.Build.0 = Release|Any CPU
	EndGlobalSection
	GlobalSection(SolutionProperties) = preSolution
		HideSolutionNode = FALSE
	EndGlobalSection
	GlobalSection(ExtensibilityGlobals) = postSolution
		SolutionGuid = {DCBDCBBF-B2DD-4E0B-BB9F-FFE8142D2AFC}
	EndGlobalSection
EndGlobal
