
Microsoft Visual Studio Solution File, Format Version 12.00
# Visual Studio Version 16
VisualStudioVersion = 16.0.29613.14
MinimumVisualStudioVersion = 10.0.40219.1
Project("{FAE04EC0-301F-11D3-BF4B-00C04F79EFBC}") = "QuanLySpa", "QuanLySpa.csproj", "{D5CA059F-7D0B-4D98-8F13-2BF74137257E}"
EndProject
Global
	GlobalSection(SolutionConfigurationPlatforms) = preSolution
		Debug|Any CPU = Debug|Any CPU
		Release|Any CPU = Release|Any CPU
	EndGlobalSection
	GlobalSection(ProjectConfigurationPlatforms) = postSolution
		{D5CA059F-7D0B-4D98-8F13-2BF74137257E}.Debug|Any CPU.ActiveCfg = Debug|Any CPU
		{D5CA059F-7D0B-4D98-8F13-2BF74137257E}.Debug|Any CPU.Build.0 = Debug|Any CPU
		{D5CA059F-7D0B-4D98-8F13-2BF74137257E}.Release|Any CPU.ActiveCfg = Release|Any CPU
		{D5CA059F-7D0B-4D98-8F13-2BF74137257E}.Release|Any CPU.Build.0 = Release|Any CPU
	EndGlobalSection
	GlobalSection(SolutionProperties) = preSolution
		HideSolutionNode = FALSE
	EndGlobalSection
	GlobalSection(ExtensibilityGlobals) = postSolution
		SolutionGuid = {C8F552FA-3018-49FB-AA2E-BBFE07C46862}
	EndGlobalSection
EndGlobal
