
Microsoft Visual Studio Solution File, Format Version 12.00
# Visual Studio Version 16
VisualStudioVersion = 16.0.30002.166
MinimumVisualStudioVersion = 10.0.40219.1
Project("{FAE04EC0-301F-11D3-BF4B-00C04F79EFBC}") = "ProductDemo", "ProductDemo.csproj", "{99181FAE-67AC-43B1-A431-021D1C916899}"
EndProject
Global
	GlobalSection(SolutionConfigurationPlatforms) = preSolution
		Debug|Any CPU = Debug|Any CPU
		Release|Any CPU = Release|Any CPU
	EndGlobalSection
	GlobalSection(ProjectConfigurationPlatforms) = postSolution
		{99181FAE-67AC-43B1-A431-021D1C916899}.Debug|Any CPU.ActiveCfg = Debug|Any CPU
		{99181FAE-67AC-43B1-A431-021D1C916899}.Debug|Any CPU.Build.0 = Debug|Any CPU
		{99181FAE-67AC-43B1-A431-021D1C916899}.Release|Any CPU.ActiveCfg = Release|Any CPU
		{99181FAE-67AC-43B1-A431-021D1C916899}.Release|Any CPU.Build.0 = Release|Any CPU
	EndGlobalSection
	GlobalSection(SolutionProperties) = preSolution
		HideSolutionNode = FALSE
	EndGlobalSection
	GlobalSection(ExtensibilityGlobals) = postSolution
		SolutionGuid = {7A7C4E4E-87D6-4EBE-BFAE-8BC2709F0E85}
	EndGlobalSection
EndGlobal
